// !$*UTF8*$!
{
	archiveVersion = 1;
	classes = {
	};
	objectVersion = 50;
	objects = {

/* Begin PBXBuildFile section */
		8638CC1826AA022E0085A94C /* SceneDelegate.swift in Sources */ = {isa = PBXBuildFile; fileRef = 8638CC1726AA022E0085A94C /* SceneDelegate.swift */; };
		86BBC8C525F96C5000C18A7F /* TableViewController.swift in Sources */ = {isa = PBXBuildFile; fileRef = 86E0C80F25F931810026787D /* TableViewController.swift */; };
		86E0C7FA25F92DE80026787D /* AppDelegate.swift in Sources */ = {isa = PBXBuildFile; fileRef = 86E0C7F925F92DE80026787D /* AppDelegate.swift */; };
		86E0C80125F92DE80026787D /* Main.storyboard in Resources */ = {isa = PBXBuildFile; fileRef = 86E0C7FF25F92DE80026787D /* Main.storyboard */; };
		86E0C80325F92DEB0026787D /* Assets.xcassets in Resources */ = {isa = PBXBuildFile; fileRef = 86E0C80225F92DEB0026787D /* Assets.xcassets */; };
		86E0C80625F92DEB0026787D /* LaunchScreen.storyboard in Resources */ = {isa = PBXBuildFile; fileRef = 86E0C80425F92DEB0026787D /* LaunchScreen.storyboard */; };
		86E0C81325F9323E0026787D /* model.swift in Sources */ = {isa = PBXBuildFile; fileRef = 86E0C81225F9323E0026787D /* model.swift */; };
		86F3DEB126D639DB007B86C8 /* ArchiveVC.swift in Sources */ = {isa = PBXBuildFile; fileRef = 86F3DEB026D639DB007B86C8 /* ArchiveVC.swift */; };
/* End PBXBuildFile section */

/* Begin PBXFileReference section */
		8638CC1726AA022E0085A94C /* SceneDelegate.swift */ = {isa = PBXFileReference; fileEncoding = 4; lastKnownFileType = sourcecode.swift; path = SceneDelegate.swift; sourceTree = "<group>"; };
		86E0C7F625F92DE80026787D /* Daily Planner.app */ = {isa = PBXFileReference; explicitFileType = wrapper.application; includeInIndex = 0; path = "Daily Planner.app"; sourceTree = BUILT_PRODUCTS_DIR; };
		86E0C7F925F92DE80026787D /* AppDelegate.swift */ = {isa = PBXFileReference; lastKnownFileType = sourcecode.swift; path = AppDelegate.swift; sourceTree = "<group>"; };
		86E0C80025F92DE80026787D /* Base */ = {isa = PBXFileReference; lastKnownFileType = file.storyboard; name = Base; path = Base.lproj/Main.storyboard; sourceTree = "<group>"; };
		86E0C80225F92DEB0026787D /* Assets.xcassets */ = {isa = PBXFileReference; lastKnownFileType = folder.assetcatalog; path = Assets.xcassets; sourceTree = "<group>"; };
		86E0C80525F92DEB0026787D /* Base */ = {isa = PBXFileReference; lastKnownFileType = file.storyboard; name = Base; path = Base.lproj/LaunchScreen.storyboard; sourceTree = "<group>"; };
		86E0C80725F92DEB0026787D /* Info.plist */ = {isa = PBXFileReference; lastKnownFileType = text.plist.xml; path = Info.plist; sourceTree = "<group>"; };
		86E0C80F25F931810026787D /* TableViewController.swift */ = {isa = PBXFileReference; lastKnownFileType = sourcecode.swift; path = TableViewController.swift; sourceTree = "<group>"; };
		86E0C81225F9323E0026787D /* model.swift */ = {isa = PBXFileReference; lastKnownFileType = sourcecode.swift; path = model.swift; sourceTree = "<group>"; };
		86F3DEB026D639DB007B86C8 /* ArchiveVC.swift */ = {isa = PBXFileReference; lastKnownFileType = sourcecode.swift; path = ArchiveVC.swift; sourceTree = "<group>"; };
/* End PBXFileReference section */

/* Begin PBXFrameworksBuildPhase section */
		86E0C7F325F92DE80026787D /* Frameworks */ = {
			isa = PBXFrameworksBuildPhase;
			buildActionMask = 2147483647;
			files = (
			);
			runOnlyForDeploymentPostprocessing = 0;
		};
/* End PBXFrameworksBuildPhase section */

/* Begin PBXGroup section */
		8620E14726A9ECED00EDC11B /* View */ = {
			isa = PBXGroup;
			children = (
				86E0C7FF25F92DE80026787D /* Main.storyboard */,
			);
			path = View;
			sourceTree = "<group>";
		};
		868284DB264DAB9C00DC38AF /* Controllers */ = {
			isa = PBXGroup;
			children = (
				86E0C80F25F931810026787D /* TableViewController.swift */,
				86F3DEB026D639DB007B86C8 /* ArchiveVC.swift */,
			);
			path = Controllers;
			sourceTree = "<group>";
		};
		868284DD264DAD8000DC38AF /* Model */ = {
			isa = PBXGroup;
			children = (
				86E0C81225F9323E0026787D /* model.swift */,
			);
			path = Model;
			sourceTree = "<group>";
		};
		86E0C7ED25F92DE80026787D = {
			isa = PBXGroup;
			children = (
				86E0C7F825F92DE80026787D /* Daily Planner */,
				86E0C7F725F92DE80026787D /* Products */,
			);
			sourceTree = "<group>";
		};
		86E0C7F725F92DE80026787D /* Products */ = {
			isa = PBXGroup;
			children = (
				86E0C7F625F92DE80026787D /* Daily Planner.app */,
			);
			name = Products;
			sourceTree = "<group>";
		};
		86E0C7F825F92DE80026787D /* Daily Planner */ = {
			isa = PBXGroup;
			children = (
				868284DD264DAD8000DC38AF /* Model */,
				8620E14726A9ECED00EDC11B /* View */,
				868284DB264DAB9C00DC38AF /* Controllers */,
				86E0C7F925F92DE80026787D /* AppDelegate.swift */,
				8638CC1726AA022E0085A94C /* SceneDelegate.swift */,
				86E0C80225F92DEB0026787D /* Assets.xcassets */,
				86E0C80425F92DEB0026787D /* LaunchScreen.storyboard */,
				86E0C80725F92DEB0026787D /* Info.plist */,
			);
			path = "Daily Planner";
			sourceTree = "<group>";
		};
/* End PBXGroup section */

/* Begin PBXNativeTarget section */
		86E0C7F525F92DE80026787D /* Daily Planner */ = {
			isa = PBXNativeTarget;
			buildConfigurationList = 86E0C80A25F92DEB0026787D /* Build configuration list for PBXNativeTarget "Daily Planner" */;
			buildPhases = (
				86E0C7F225F92DE80026787D /* Sources */,
				86E0C7F325F92DE80026787D /* Frameworks */,
				86E0C7F425F92DE80026787D /* Resources */,
			);
			buildRules = (
			);
			dependencies = (
			);
			name = "Daily Planner";
			productName = "Daily Planner";
			productReference = 86E0C7F625F92DE80026787D /* Daily Planner.app */;
			productType = "com.apple.product-type.application";
		};
/* End PBXNativeTarget section */

/* Begin PBXProject section */
		86E0C7EE25F92DE80026787D /* Project object */ = {
			isa = PBXProject;
			attributes = {
				LastSwiftUpdateCheck = 1240;
				LastUpgradeCheck = 1240;
				TargetAttributes = {
					86E0C7F525F92DE80026787D = {
						CreatedOnToolsVersion = 12.4;
					};
				};
			};
			buildConfigurationList = 86E0C7F125F92DE80026787D /* Build configuration list for PBXProject "Daily Planner" */;
			compatibilityVersion = "Xcode 9.3";
			developmentRegion = en;
			hasScannedForEncodings = 0;
			knownRegions = (
				en,
				Base,
			);
			mainGroup = 86E0C7ED25F92DE80026787D;
			productRefGroup = 86E0C7F725F92DE80026787D /* Products */;
			projectDirPath = "";
			projectRoot = "";
			targets = (
				86E0C7F525F92DE80026787D /* Daily Planner */,
			);
		};
/* End PBXProject section */

/* Begin PBXResourcesBuildPhase section */
		86E0C7F425F92DE80026787D /* Resources */ = {
			isa = PBXResourcesBuildPhase;
			buildActionMask = 2147483647;
			files = (
				86E0C80625F92DEB0026787D /* LaunchScreen.storyboard in Resources */,
				86E0C80325F92DEB0026787D /* Assets.xcassets in Resources */,
				86E0C80125F92DE80026787D /* Main.storyboard in Resources */,
			);
			runOnlyForDeploymentPostprocessing = 0;
		};
/* End PBXResourcesBuildPhase section */

/* Begin PBXSourcesBuildPhase section */
		86E0C7F225F92DE80026787D /* Sources */ = {
			isa = PBXSourcesBuildPhase;
			buildActionMask = 2147483647;
			files = (
				86E0C7FA25F92DE80026787D /* AppDelegate.swift in Sources */,
				86F3DEB126D639DB007B86C8 /* ArchiveVC.swift in Sources */,
				86E0C81325F9323E0026787D /* model.swift in Sources */,
				86BBC8C525F96C5000C18A7F /* TableViewController.swift in Sources */,
				8638CC1826AA022E0085A94C /* SceneDelegate.swift in Sources */,
			);
			runOnlyForDeploymentPostprocessing = 0;
		};
/* End PBXSourcesBuildPhase section */

/* Begin PBXVariantGroup section */
		86E0C7FF25F92DE80026787D /* Main.storyboard */ = {
			isa = PBXVariantGroup;
			children = (
				86E0C80025F92DE80026787D /* Base */,
			);
			name = Main.storyboard;
			sourceTree = "<group>";
		};
		86E0C80425F92DEB0026787D /* LaunchScreen.storyboard */ = {
			isa = PBXVariantGroup;
			children = (
				86E0C80525F92DEB0026787D /* Base */,
			);
			name = LaunchScreen.storyboard;
			sourceTree = "<group>";
		};
/* End PBXVariantGroup section */

/* Begin XCBuildConfiguration section */
		86E0C80825F92DEB0026787D /* Debug */ = {
			isa = XCBuildConfiguration;
			buildSettings = {
				ALWAYS_SEARCH_USER_PATHS = NO;
				CLANG_ANALYZER_LOCALIZABILITY_NONLOCALIZED = YES;
				CLANG_ANALYZER_NONNULL = YES;
				CLANG_ANALYZER_NUMBER_OBJECT_CONVERSION = YES_AGGRESSIVE;
				CLANG_CXX_LANGUAGE_STANDARD = "gnu++14";
				CLANG_CXX_LIBRARY = "libc++";
				CLANG_ENABLE_MODULES = YES;
				CLANG_ENABLE_OBJC_ARC = YES;
				CLANG_ENABLE_OBJC_WEAK = YES;
				CLANG_WARN_BLOCK_CAPTURE_AUTORELEASING = YES;
				CLANG_WARN_BOOL_CONVERSION = YES;
				CLANG_WARN_COMMA = YES;
				CLANG_WARN_CONSTANT_CONVERSION = YES;
				CLANG_WARN_DEPRECATED_OBJC_IMPLEMENTATIONS = YES;
				CLANG_WARN_DIRECT_OBJC_ISA_USAGE = YES_ERROR;
				CLANG_WARN_DOCUMENTATION_COMMENTS = YES;
				CLANG_WARN_EMPTY_BODY = YES;
				CLANG_WARN_ENUM_CONVERSION = YES;
				CLANG_WARN_INFINITE_RECURSION = YES;
				CLANG_WARN_INT_CONVERSION = YES;
				CLANG_WARN_NON_LITERAL_NULL_CONVERSION = YES;
				CLANG_WARN_OBJC_IMPLICIT_RETAIN_SELF = YES;
				CLANG_WARN_OBJC_LITERAL_CONVERSION = YES;
				CLANG_WARN_OBJC_ROOT_CLASS = YES_ERROR;
				CLANG_WARN_QUOTED_INCLUDE_IN_FRAMEWORK_HEADER = YES;
				CLANG_WARN_RANGE_LOOP_ANALYSIS = YES;
				CLANG_WARN_STRICT_PROTOTYPES = YES;
				CLANG_WARN_SUSPICIOUS_MOVE = YES;
				CLANG_WARN_UNGUARDED_AVAILABILITY = YES_AGGRESSIVE;
				CLANG_WARN_UNREACHABLE_CODE = YES;
				CLANG_WARN__DUPLICATE_METHOD_MATCH = YES;
				COPY_PHASE_STRIP = NO;
				DEBUG_INFORMATION_FORMAT = dwarf;
				ENABLE_STRICT_OBJC_MSGSEND = YES;
				ENABLE_TESTABILITY = YES;
				GCC_C_LANGUAGE_STANDARD = gnu11;
				GCC_DYNAMIC_NO_PIC = NO;
				GCC_NO_COMMON_BLOCKS = YES;
				GCC_OPTIMIZATION_LEVEL = 0;
				GCC_PREPROCESSOR_DEFINITIONS = (
					"DEBUG=1",
					"$(inherited)",
				);
				GCC_WARN_64_TO_32_BIT_CONVERSION = YES;
				GCC_WARN_ABOUT_RETURN_TYPE = YES_ERROR;
				GCC_WARN_UNDECLARED_SELECTOR = YES;
				GCC_WARN_UNINITIALIZED_AUTOS = YES_AGGRESSIVE;
				GCC_WARN_UNUSED_FUNCTION = YES;
				GCC_WARN_UNUSED_VARIABLE = YES;
				IPHONEOS_DEPLOYMENT_TARGET = 14.4;
				MTL_ENABLE_DEBUG_INFO = INCLUDE_SOURCE;
				MTL_FAST_MATH = YES;
				ONLY_ACTIVE_ARCH = YES;
				SDKROOT = iphoneos;
				SWIFT_ACTIVE_COMPILATION_CONDITIONS = DEBUG;
				SWIFT_OPTIMIZATION_LEVEL = "-Onone";
			};
			name = Debug;
		};
		86E0C80925F92DEB0026787D /* Release */ = {
			isa = XCBuildConfiguration;
			buildSettings = {
				ALWAYS_SEARCH_USER_PATHS = NO;
				CLANG_ANALYZER_LOCALIZABILITY_NONLOCALIZED = YES;
				CLANG_ANALYZER_NONNULL = YES;
				CLANG_ANALYZER_NUMBER_OBJECT_CONVERSION = YES_AGGRESSIVE;
				CLANG_CXX_LANGUAGE_STANDARD = "gnu++14";
				CLANG_CXX_LIBRARY = "libc++";
				CLANG_ENABLE_MODULES = YES;
				CLANG_ENABLE_OBJC_ARC = YES;
				CLANG_ENABLE_OBJC_WEAK = YES;
				CLANG_WARN_BLOCK_CAPTURE_AUTORELEASING = YES;
				CLANG_WARN_BOOL_CONVERSION = YES;
				CLANG_WARN_COMMA = YES;
				CLANG_WARN_CONSTANT_CONVERSION = YES;
				CLANG_WARN_DEPRECATED_OBJC_IMPLEMENTATIONS = YES;
				CLANG_WARN_DIRECT_OBJC_ISA_USAGE = YES_ERROR;
				CLANG_WARN_DOCUMENTATION_COMMENTS = YES;
				CLANG_WARN_EMPTY_BODY = YES;
				CLANG_WARN_ENUM_CONVERSION = YES;
				CLANG_WARN_INFINITE_RECURSION = YES;
				CLANG_WARN_INT_CONVERSION = YES;
				CLANG_WARN_NON_LITERAL_NULL_CONVERSION = YES;
				CLANG_WARN_OBJC_IMPLICIT_RETAIN_SELF = YES;
				CLANG_WARN_OBJC_LITERAL_CONVERSION = YES;
				CLANG_WARN_OBJC_ROOT_CLASS = YES_ERROR;
				CLANG_WARN_QUOTED_INCLUDE_IN_FRAMEWORK_HEADER = YES;
				CLANG_WARN_RANGE_LOOP_ANALYSIS = YES;
				CLANG_WARN_STRICT_PROTOTYPES = YES;
				CLANG_WARN_SUSPICIOUS_MOVE = YES;
				CLANG_WARN_UNGUARDED_AVAILABILITY = YES_AGGRESSIVE;
				CLANG_WARN_UNREACHABLE_CODE = YES;
				CLANG_WARN__DUPLICATE_METHOD_MATCH = YES;
				COPY_PHASE_STRIP = NO;
				DEBUG_INFORMATION_FORMAT = "dwarf-with-dsym";
				ENABLE_NS_ASSERTIONS = NO;
				ENABLE_STRICT_OBJC_MSGSEND = YES;
				GCC_C_LANGUAGE_STANDARD = gnu11;
				GCC_NO_COMMON_BLOCKS = YES;
				GCC_WARN_64_TO_32_BIT_CONVERSION = YES;
				GCC_WARN_ABOUT_RETURN_TYPE = YES_ERROR;
				GCC_WARN_UNDECLARED_SELECTOR = YES;
				GCC_WARN_UNINITIALIZED_AUTOS = YES_AGGRESSIVE;
				GCC_WARN_UNUSED_FUNCTION = YES;
				GCC_WARN_UNUSED_VARIABLE = YES;
				IPHONEOS_DEPLOYMENT_TARGET = 14.4;
				MTL_ENABLE_DEBUG_INFO = NO;
				MTL_FAST_MATH = YES;
				SDKROOT = iphoneos;
				SWIFT_COMPILATION_MODE = wholemodule;
				SWIFT_OPTIMIZATION_LEVEL = "-O";
				VALIDATE_PRODUCT = YES;
			};
			name = Release;
		};
		86E0C80B25F92DEB0026787D /* Debug */ = {
			isa = XCBuildConfiguration;
			buildSettings = {
				ASSETCATALOG_COMPILER_APPICON_NAME = AppIcon;
				ASSETCATALOG_COMPILER_GLOBAL_ACCENT_COLOR_NAME = AccentColor;
				CODE_SIGN_STYLE = Automatic;
				DEVELOPMENT_TEAM = KV859BQR3J;
				INFOPLIST_FILE = "Daily Planner/Info.plist";
				LD_RUNPATH_SEARCH_PATHS = (
					"$(inherited)",
					"@executable_path/Frameworks",
				);
				PRODUCT_BUNDLE_IDENTIFIER = "VladKarmalov.Daily-Planner";
				PRODUCT_NAME = "$(TARGET_NAME)";
				SWIFT_VERSION = 5.0;
				TARGETED_DEVICE_FAMILY = "1,2";
			};
			name = Debug;
		};
		86E0C80C25F92DEB0026787D /* Release */ = {
			isa = XCBuildConfiguration;
			buildSettings = {
				ASSETCATALOG_COMPILER_APPICON_NAME = AppIcon;
				ASSETCATALOG_COMPILER_GLOBAL_ACCENT_COLOR_NAME = AccentColor;
				CODE_SIGN_STYLE = Automatic;
				DEVELOPMENT_TEAM = KV859BQR3J;
				INFOPLIST_FILE = "Daily Planner/Info.plist";
				LD_RUNPATH_SEARCH_PATHS = (
					"$(inherited)",
					"@executable_path/Frameworks",
				);
				PRODUCT_BUNDLE_IDENTIFIER = "VladKarmalov.Daily-Planner";
				PRODUCT_NAME = "$(TARGET_NAME)";
				SWIFT_VERSION = 5.0;
				TARGETED_DEVICE_FAMILY = "1,2";
			};
			name = Release;
		};
/* End XCBuildConfiguration section */

/* Begin XCConfigurationList section */
		86E0C7F125F92DE80026787D /* Build configuration list for PBXProject "Daily Planner" */ = {
			isa = XCConfigurationList;
			buildConfigurations = (
				86E0C80825F92DEB0026787D /* Debug */,
				86E0C80925F92DEB0026787D /* Release */,
			);
			defaultConfigurationIsVisible = 0;
			defaultConfigurationName = Release;
		};
		86E0C80A25F92DEB0026787D /* Build configuration list for PBXNativeTarget "Daily Planner" */ = {
			isa = XCConfigurationList;
			buildConfigurations = (
				86E0C80B25F92DEB0026787D /* Debug */,
				86E0C80C25F92DEB0026787D /* Release */,
			);
			defaultConfigurationIsVisible = 0;
			defaultConfigurationName = Release;
		};
/* End XCConfigurationList section */
	};
	rootObject = 86E0C7EE25F92DE80026787D /* Project object */;
}
